
Microsoft Visual Studio Solution File, Format Version 12.00
# Visual Studio 15
VisualStudioVersion = 15.0.26124.0
MinimumVisualStudioVersion = 15.0.26124.0
Project("{2150E333-8FDC-42A3-9474-1A3956D46DE8}") = "src", "src", "{AD971797-C43D-4F3C-A9A3-ADD8A88A5D65}"
EndProject
Project("{FAE04EC0-301F-11D3-BF4B-00C04F79EFBC}") = "ProtoBuild1", "src\ProtoBuild1\ProtoBuild1.csproj", "{5D91505E-D90D-4262-A99C-BC74A87F9FFD}"
EndProject
Project("{FAE04EC0-301F-11D3-BF4B-00C04F79EFBC}") = "ProtoBuild2", "src\ProtoBuild2\ProtoBuild2.csproj", "{BC873727-AAAF-4D4F-AB55-4ACFCCDE8A82}"
EndProject
Project("{FAE04EC0-301F-11D3-BF4B-00C04F79EFBC}") = "ProtoBuildAll", "src\ProtoBuildAll\ProtoBuildAll.csproj", "{02534327-E7A8-4CE6-B0B2-D8D36CA93B23}"
EndProject
Project("{FAE04EC0-301F-11D3-BF4B-00C04F79EFBC}") = "Test.ProtoBuildSeparate", "src\Test.ProtoBuildSeparate\Test.ProtoBuildSeparate.csproj", "{6ED03A70-12D0-467F-AEBB-5BE6E3196041}"
EndProject
Project("{FAE04EC0-301F-11D3-BF4B-00C04F79EFBC}") = "Test.ProtoBuildAll", "src\Test.ProtoBuildAll\Test.ProtoBuildAll.csproj", "{933C3860-649A-4900-A9AA-912E5B580CF6}"
EndProject
Global
	GlobalSection(SolutionConfigurationPlatforms) = preSolution
		Debug|Any CPU = Debug|Any CPU
		Debug|x64 = Debug|x64
		Debug|x86 = Debug|x86
		Release|Any CPU = Release|Any CPU
		Release|x64 = Release|x64
		Release|x86 = Release|x86
	EndGlobalSection
	GlobalSection(SolutionProperties) = preSolution
		HideSolutionNode = FALSE
	EndGlobalSection
	GlobalSection(ProjectConfigurationPlatforms) = postSolution
		{5D91505E-D90D-4262-A99C-BC74A87F9FFD}.Debug|Any CPU.ActiveCfg = Debug|Any CPU
		{5D91505E-D90D-4262-A99C-BC74A87F9FFD}.Debug|Any CPU.Build.0 = Debug|Any CPU
		{5D91505E-D90D-4262-A99C-BC74A87F9FFD}.Debug|x64.ActiveCfg = Debug|Any CPU
		{5D91505E-D90D-4262-A99C-BC74A87F9FFD}.Debug|x64.Build.0 = Debug|Any CPU
		{5D91505E-D90D-4262-A99C-BC74A87F9FFD}.Debug|x86.ActiveCfg = Debug|Any CPU
		{5D91505E-D90D-4262-A99C-BC74A87F9FFD}.Debug|x86.Build.0 = Debug|Any CPU
		{5D91505E-D90D-4262-A99C-BC74A87F9FFD}.Release|Any CPU.ActiveCfg = Release|Any CPU
		{5D91505E-D90D-4262-A99C-BC74A87F9FFD}.Release|Any CPU.Build.0 = Release|Any CPU
		{5D91505E-D90D-4262-A99C-BC74A87F9FFD}.Release|x64.ActiveCfg = Release|Any CPU
		{5D91505E-D90D-4262-A99C-BC74A87F9FFD}.Release|x64.Build.0 = Release|Any CPU
		{5D91505E-D90D-4262-A99C-BC74A87F9FFD}.Release|x86.ActiveCfg = Release|Any CPU
		{5D91505E-D90D-4262-A99C-BC74A87F9FFD}.Release|x86.Build.0 = Release|Any CPU
		{BC873727-AAAF-4D4F-AB55-4ACFCCDE8A82}.Debug|Any CPU.ActiveCfg = Debug|Any CPU
		{BC873727-AAAF-4D4F-AB55-4ACFCCDE8A82}.Debug|Any CPU.Build.0 = Debug|Any CPU
		{BC873727-AAAF-4D4F-AB55-4ACFCCDE8A82}.Debug|x64.ActiveCfg = Debug|Any CPU
		{BC873727-AAAF-4D4F-AB55-4ACFCCDE8A82}.Debug|x64.Build.0 = Debug|Any CPU
		{BC873727-AAAF-4D4F-AB55-4ACFCCDE8A82}.Debug|x86.ActiveCfg = Debug|Any CPU
		{BC873727-AAAF-4D4F-AB55-4ACFCCDE8A82}.Debug|x86.Build.0 = Debug|Any CPU
		{BC873727-AAAF-4D4F-AB55-4ACFCCDE8A82}.Release|Any CPU.ActiveCfg = Release|Any CPU
		{BC873727-AAAF-4D4F-AB55-4ACFCCDE8A82}.Release|Any CPU.Build.0 = Release|Any CPU
		{BC873727-AAAF-4D4F-AB55-4ACFCCDE8A82}.Release|x64.ActiveCfg = Release|Any CPU
		{BC873727-AAAF-4D4F-AB55-4ACFCCDE8A82}.Release|x64.Build.0 = Release|Any CPU
		{BC873727-AAAF-4D4F-AB55-4ACFCCDE8A82}.Release|x86.ActiveCfg = Release|Any CPU
		{BC873727-AAAF-4D4F-AB55-4ACFCCDE8A82}.Release|x86.Build.0 = Release|Any CPU
		{02534327-E7A8-4CE6-B0B2-D8D36CA93B23}.Debug|Any CPU.ActiveCfg = Debug|Any CPU
		{02534327-E7A8-4CE6-B0B2-D8D36CA93B23}.Debug|Any CPU.Build.0 = Debug|Any CPU
		{02534327-E7A8-4CE6-B0B2-D8D36CA93B23}.Debug|x64.ActiveCfg = Debug|Any CPU
		{02534327-E7A8-4CE6-B0B2-D8D36CA93B23}.Debug|x64.Build.0 = Debug|Any CPU
		{02534327-E7A8-4CE6-B0B2-D8D36CA93B23}.Debug|x86.ActiveCfg = Debug|Any CPU
		{02534327-E7A8-4CE6-B0B2-D8D36CA93B23}.Debug|x86.Build.0 = Debug|Any CPU
		{02534327-E7A8-4CE6-B0B2-D8D36CA93B23}.Release|Any CPU.ActiveCfg = Release|Any CPU
		{02534327-E7A8-4CE6-B0B2-D8D36CA93B23}.Release|Any CPU.Build.0 = Release|Any CPU
		{02534327-E7A8-4CE6-B0B2-D8D36CA93B23}.Release|x64.ActiveCfg = Release|Any CPU
		{02534327-E7A8-4CE6-B0B2-D8D36CA93B23}.Release|x64.Build.0 = Release|Any CPU
		{02534327-E7A8-4CE6-B0B2-D8D36CA93B23}.Release|x86.ActiveCfg = Release|Any CPU
		{02534327-E7A8-4CE6-B0B2-D8D36CA93B23}.Release|x86.Build.0 = Release|Any CPU
		{6ED03A70-12D0-467F-AEBB-5BE6E3196041}.Debug|Any CPU.ActiveCfg = Debug|Any CPU
		{6ED03A70-12D0-467F-AEBB-5BE6E3196041}.Debug|Any CPU.Build.0 = Debug|Any CPU
		{6ED03A70-12D0-467F-AEBB-5BE6E3196041}.Debug|x64.ActiveCfg = Debug|Any CPU
		{6ED03A70-12D0-467F-AEBB-5BE6E3196041}.Debug|x64.Build.0 = Debug|Any CPU
		{6ED03A70-12D0-467F-AEBB-5BE6E3196041}.Debug|x86.ActiveCfg = Debug|Any CPU
		{6ED03A70-12D0-467F-AEBB-5BE6E3196041}.Debug|x86.Build.0 = Debug|Any CPU
		{6ED03A70-12D0-467F-AEBB-5BE6E3196041}.Release|Any CPU.ActiveCfg = Release|Any CPU
		{6ED03A70-12D0-467F-AEBB-5BE6E3196041}.Release|Any CPU.Build.0 = Release|Any CPU
		{6ED03A70-12D0-467F-AEBB-5BE6E3196041}.Release|x64.ActiveCfg = Release|Any CPU
		{6ED03A70-12D0-467F-AEBB-5BE6E3196041}.Release|x64.Build.0 = Release|Any CPU
		{6ED03A70-12D0-467F-AEBB-5BE6E3196041}.Release|x86.ActiveCfg = Release|Any CPU
		{6ED03A70-12D0-467F-AEBB-5BE6E3196041}.Release|x86.Build.0 = Release|Any CPU
		{933C3860-649A-4900-A9AA-912E5B580CF6}.Debug|Any CPU.ActiveCfg = Debug|Any CPU
		{933C3860-649A-4900-A9AA-912E5B580CF6}.Debug|Any CPU.Build.0 = Debug|Any CPU
		{933C3860-649A-4900-A9AA-912E5B580CF6}.Debug|x64.ActiveCfg = Debug|Any CPU
		{933C3860-649A-4900-A9AA-912E5B580CF6}.Debug|x64.Build.0 = Debug|Any CPU
		{933C3860-649A-4900-A9AA-912E5B580CF6}.Debug|x86.ActiveCfg = Debug|Any CPU
		{933C3860-649A-4900-A9AA-912E5B580CF6}.Debug|x86.Build.0 = Debug|Any CPU
		{933C3860-649A-4900-A9AA-912E5B580CF6}.Release|Any CPU.ActiveCfg = Release|Any CPU
		{933C3860-649A-4900-A9AA-912E5B580CF6}.Release|Any CPU.Build.0 = Release|Any CPU
		{933C3860-649A-4900-A9AA-912E5B580CF6}.Release|x64.ActiveCfg = Release|Any CPU
		{933C3860-649A-4900-A9AA-912E5B580CF6}.Release|x64.Build.0 = Release|Any CPU
		{933C3860-649A-4900-A9AA-912E5B580CF6}.Release|x86.ActiveCfg = Release|Any CPU
		{933C3860-649A-4900-A9AA-912E5B580CF6}.Release|x86.Build.0 = Release|Any CPU
	EndGlobalSection
	GlobalSection(NestedProjects) = preSolution
		{5D91505E-D90D-4262-A99C-BC74A87F9FFD} = {AD971797-C43D-4F3C-A9A3-ADD8A88A5D65}
		{BC873727-AAAF-4D4F-AB55-4ACFCCDE8A82} = {AD971797-C43D-4F3C-A9A3-ADD8A88A5D65}
		{02534327-E7A8-4CE6-B0B2-D8D36CA93B23} = {AD971797-C43D-4F3C-A9A3-ADD8A88A5D65}
		{6ED03A70-12D0-467F-AEBB-5BE6E3196041} = {AD971797-C43D-4F3C-A9A3-ADD8A88A5D65}
		{933C3860-649A-4900-A9AA-912E5B580CF6} = {AD971797-C43D-4F3C-A9A3-ADD8A88A5D65}
	EndGlobalSection
EndGlobal
